{
  "name": "petfinder-angular-service",
  "version": "1.0.3",
  "lockfileVersion": 1,
  "requires": true,
  "dependencies": {
    "@angular/common": {
      "version": "8.2.10",
      "resolved": "https://registry.npmjs.org/@angular/common/-/common-8.2.10.tgz",
      "integrity": "sha512-ZbSTbyn6BrOvBqLZvDNeiatJNgH9LV/Qm0kLwfthrBYNPlS4eUzSn4EMO3n4vVFWCsyCNM0ieQjtKmyD1lg1fg==",
      "dev": true,
      "requires": {
        "tslib": "^1.9.0"
      }
    },
    "@angular/core": {
      "version": "10.2.5",
      "resolved": "https://registry.npmjs.org/@angular/core/-/core-10.2.5.tgz",
      "integrity": "sha512-krhOKNTj5XE92Rk9ASX5KmgTF72j7qT2PLVxrGEVjuUKjBY2XaK3TV0Kotq9zI3qa9WgeCrP/Njn6jlKQCCAEQ==",
      "dev": true,
      "requires": {
        "tslib": "^2.0.0"
      },
      "dependencies": {
        "tslib": {
          "version": "2.6.2",
          "resolved": "https://registry.npmjs.org/tslib/-/tslib-2.6.2.tgz",
          "integrity": "sha512-AEYxH93jGFPn/a2iVAwW87VuUIkR1FVUKB77NwMF7nBTDkDrrT/Hpt/IrCJ0QXhW27jTBDcf5ZY7w6RiqTMw2Q==",
          "dev": true
        }
      }
    },
    "rxjs": {
      "version": "6.5.3",
      "resolved": "https://registry.npmjs.org/rxjs/-/rxjs-6.5.3.tgz",
      "integrity": "sha512-wuYsAYYFdWTAnAaPoKGNhfpWwKZbJW+HgAJ+mImp+Epl7BG8oNWBCTyRM8gba9k4lk8BgWdoYm21Mo/RYhhbgA==",
      "dev": true,
      "requires": {
        "tslib": "^1.9.0"
      }
    },
    "tslib": {
      "version": "1.10.0",
      "resolved": "https://registry.npmjs.org/tslib/-/tslib-1.10.0.tgz",
      "integrity": "sha512-qOebF53frne81cf0S9B41ByenJ3/IuH8yJKngAX35CmiZySA0khhkovshKK+jGCaMnVomla7gVlIcc3EvKPbTQ==",
      "dev": true
    },
    "typescript": {
      "version": "3.5.3",
      "resolved": "https://registry.npmjs.org/typescript/-/typescript-3.5.3.tgz",
      "integrity": "sha512-ACzBtm/PhXBDId6a6sDJfroT2pOWt/oOnk4/dElG5G33ZL776N3Y6/6bKZJBFpd+b05F3Ct9qDjMeJmRWtE2/g==",
      "dev": true
    },
    "zone.js": {
      "version": "0.9.1",
      "resolved": "https://registry.npmjs.org/zone.js/-/zone.js-0.9.1.tgz",
      "integrity": "sha512-GkPiJL8jifSrKReKaTZ5jkhrMEgXbXYC+IPo1iquBjayRa0q86w3Dipjn8b415jpitMExe9lV8iTsv8tk3DGag==",
      "dev": true
    }
  }
}
